// !$*UTF8*$!
{
	archiveVersion = 1;
	classes = {
	};
	objectVersion = 50;
	objects = {

/* Begin PBXBuildFile section */
		531D510391E81FB7A773D0F1 /* Pods_Treads.framework in Frameworks */ = {isa = PBXBuildFile; fileRef = E1BB1768842A9B3CF039C283 /* Pods_Treads.framework */; };
		D80B37F621B727BB004401B1 /* Extensions.swift in Sources */ = {isa = PBXBuildFile; fileRef = D80B37F521B727BB004401B1 /* Extensions.swift */; };
		D80B37F821B74E52004401B1 /* Run.swift in Sources */ = {isa = PBXBuildFile; fileRef = D80B37F721B74E52004401B1 /* Run.swift */; };
		D80B37FA21B754A5004401B1 /* Constants.swift in Sources */ = {isa = PBXBuildFile; fileRef = D80B37F921B754A5004401B1 /* Constants.swift */; };
		D80B37FC21B757D5004401B1 /* RunLogCell.swift in Sources */ = {isa = PBXBuildFile; fileRef = D80B37FB21B757D5004401B1 /* RunLogCell.swift */; };
		D80B37FE21B89C50004401B1 /* Location.swift in Sources */ = {isa = PBXBuildFile; fileRef = D80B37FD21B89C50004401B1 /* Location.swift */; };
		D80B380021B8A75E004401B1 /* RealmConfig.swift in Sources */ = {isa = PBXBuildFile; fileRef = D80B37FF21B8A75E004401B1 /* RealmConfig.swift */; };
		D81C2F2D21B5EE9D0003DED6 /* AppDelegate.swift in Sources */ = {isa = PBXBuildFile; fileRef = D81C2F2C21B5EE9D0003DED6 /* AppDelegate.swift */; };
		D81C2F2F21B5EE9D0003DED6 /* BeginRunVC.swift in Sources */ = {isa = PBXBuildFile; fileRef = D81C2F2E21B5EE9D0003DED6 /* BeginRunVC.swift */; };
		D81C2F3121B5EE9D0003DED6 /* RunLogVC.swift in Sources */ = {isa = PBXBuildFile; fileRef = D81C2F3021B5EE9D0003DED6 /* RunLogVC.swift */; };
		D81C2F3421B5EE9D0003DED6 /* Main.storyboard in Resources */ = {isa = PBXBuildFile; fileRef = D81C2F3221B5EE9D0003DED6 /* Main.storyboard */; };
		D81C2F3921B5EE9E0003DED6 /* LaunchScreen.storyboard in Resources */ = {isa = PBXBuildFile; fileRef = D81C2F3721B5EE9E0003DED6 /* LaunchScreen.storyboard */; };
		D81C2F4E21B5F2C60003DED6 /* Montserrat-LightItalic.ttf in Resources */ = {isa = PBXBuildFile; fileRef = D81C2F4621B5F2C40003DED6 /* Montserrat-LightItalic.ttf */; };
		D81C2F4F21B5F2C60003DED6 /* Montserrat-Light.ttf in Resources */ = {isa = PBXBuildFile; fileRef = D81C2F4721B5F2C40003DED6 /* Montserrat-Light.ttf */; };
		D81C2F5021B5F2C60003DED6 /* Montserrat-ThinItalic.ttf in Resources */ = {isa = PBXBuildFile; fileRef = D81C2F4821B5F2C50003DED6 /* Montserrat-ThinItalic.ttf */; };
		D81C2F5221B5F2C60003DED6 /* Montserrat-BoldItalic.ttf in Resources */ = {isa = PBXBuildFile; fileRef = D81C2F4A21B5F2C50003DED6 /* Montserrat-BoldItalic.ttf */; };
		D81C2F5321B5F2C60003DED6 /* Montserrat-Medium.ttf in Resources */ = {isa = PBXBuildFile; fileRef = D81C2F4B21B5F2C50003DED6 /* Montserrat-Medium.ttf */; };
		D81C2F5421B5F2C60003DED6 /* Montserrat-ExtraLight.ttf in Resources */ = {isa = PBXBuildFile; fileRef = D81C2F4C21B5F2C50003DED6 /* Montserrat-ExtraLight.ttf */; };
		D81C2F5521B5F2C60003DED6 /* Montserrat-Thin.ttf in Resources */ = {isa = PBXBuildFile; fileRef = D81C2F4D21B5F2C50003DED6 /* Montserrat-Thin.ttf */; };
		D81C2F5721B5F3530003DED6 /* Assets.xcassets in Resources */ = {isa = PBXBuildFile; fileRef = D81C2F5621B5F3530003DED6 /* Assets.xcassets */; };
		D81C2F5921B6074A0003DED6 /* CurrentRunVC.swift in Sources */ = {isa = PBXBuildFile; fileRef = D81C2F5821B6074A0003DED6 /* CurrentRunVC.swift */; };
		D89208BF21B6094D0067E7A4 /* LocationVC.swift in Sources */ = {isa = PBXBuildFile; fileRef = D89208BE21B6094D0067E7A4 /* LocationVC.swift */; };
/* End PBXBuildFile section */

/* Begin PBXFileReference section */
		AC141F497ABC92BDDED27521 /* Pods-Treads.debug.xcconfig */ = {isa = PBXFileReference; includeInIndex = 1; lastKnownFileType = text.xcconfig; name = "Pods-Treads.debug.xcconfig"; path = "Pods/Target Support Files/Pods-Treads/Pods-Treads.debug.xcconfig"; sourceTree = "<group>"; };
		D80B37F521B727BB004401B1 /* Extensions.swift */ = {isa = PBXFileReference; lastKnownFileType = sourcecode.swift; path = Extensions.swift; sourceTree = "<group>"; };
		D80B37F721B74E52004401B1 /* Run.swift */ = {isa = PBXFileReference; lastKnownFileType = sourcecode.swift; path = Run.swift; sourceTree = "<group>"; };
		D80B37F921B754A5004401B1 /* Constants.swift */ = {isa = PBXFileReference; lastKnownFileType = sourcecode.swift; path = Constants.swift; sourceTree = "<group>"; };
		D80B37FB21B757D5004401B1 /* RunLogCell.swift */ = {isa = PBXFileReference; lastKnownFileType = sourcecode.swift; path = RunLogCell.swift; sourceTree = "<group>"; };
		D80B37FD21B89C50004401B1 /* Location.swift */ = {isa = PBXFileReference; lastKnownFileType = sourcecode.swift; path = Location.swift; sourceTree = "<group>"; };
		D80B37FF21B8A75E004401B1 /* RealmConfig.swift */ = {isa = PBXFileReference; lastKnownFileType = sourcecode.swift; path = RealmConfig.swift; sourceTree = "<group>"; };
		D81C2F2921B5EE9D0003DED6 /* Treads.app */ = {isa = PBXFileReference; explicitFileType = wrapper.application; includeInIndex = 0; path = Treads.app; sourceTree = BUILT_PRODUCTS_DIR; };
		D81C2F2C21B5EE9D0003DED6 /* AppDelegate.swift */ = {isa = PBXFileReference; lastKnownFileType = sourcecode.swift; path = AppDelegate.swift; sourceTree = "<group>"; };
		D81C2F2E21B5EE9D0003DED6 /* BeginRunVC.swift */ = {isa = PBXFileReference; lastKnownFileType = sourcecode.swift; path = BeginRunVC.swift; sourceTree = "<group>"; };
		D81C2F3021B5EE9D0003DED6 /* RunLogVC.swift */ = {isa = PBXFileReference; lastKnownFileType = sourcecode.swift; path = RunLogVC.swift; sourceTree = "<group>"; };
		D81C2F3321B5EE9D0003DED6 /* Base */ = {isa = PBXFileReference; lastKnownFileType = file.storyboard; name = Base; path = Base.lproj/Main.storyboard; sourceTree = "<group>"; };
		D81C2F3821B5EE9E0003DED6 /* Base */ = {isa = PBXFileReference; lastKnownFileType = file.storyboard; name = Base; path = Base.lproj/LaunchScreen.storyboard; sourceTree = "<group>"; };
		D81C2F3A21B5EE9E0003DED6 /* Info.plist */ = {isa = PBXFileReference; lastKnownFileType = text.plist.xml; path = Info.plist; sourceTree = "<group>"; };
		D81C2F4621B5F2C40003DED6 /* Montserrat-LightItalic.ttf */ = {isa = PBXFileReference; lastKnownFileType = file; path = "Montserrat-LightItalic.ttf"; sourceTree = "<group>"; };
		D81C2F4721B5F2C40003DED6 /* Montserrat-Light.ttf */ = {isa = PBXFileReference; lastKnownFileType = file; path = "Montserrat-Light.ttf"; sourceTree = "<group>"; };
		D81C2F4821B5F2C50003DED6 /* Montserrat-ThinItalic.ttf */ = {isa = PBXFileReference; lastKnownFileType = file; path = "Montserrat-ThinItalic.ttf"; sourceTree = "<group>"; };
		D81C2F4A21B5F2C50003DED6 /* Montserrat-BoldItalic.ttf */ = {isa = PBXFileReference; lastKnownFileType = file; path = "Montserrat-BoldItalic.ttf"; sourceTree = "<group>"; };
		D81C2F4B21B5F2C50003DED6 /* Montserrat-Medium.ttf */ = {isa = PBXFileReference; lastKnownFileType = file; path = "Montserrat-Medium.ttf"; sourceTree = "<group>"; };
		D81C2F4C21B5F2C50003DED6 /* Montserrat-ExtraLight.ttf */ = {isa = PBXFileReference; lastKnownFileType = file; path = "Montserrat-ExtraLight.ttf"; sourceTree = "<group>"; };
		D81C2F4D21B5F2C50003DED6 /* Montserrat-Thin.ttf */ = {isa = PBXFileReference; lastKnownFileType = file; path = "Montserrat-Thin.ttf"; sourceTree = "<group>"; };
		D81C2F5621B5F3530003DED6 /* Assets.xcassets */ = {isa = PBXFileReference; lastKnownFileType = folder.assetcatalog; path = Assets.xcassets; sourceTree = "<group>"; };
		D81C2F5821B6074A0003DED6 /* CurrentRunVC.swift */ = {isa = PBXFileReference; lastKnownFileType = sourcecode.swift; path = CurrentRunVC.swift; sourceTree = "<group>"; };
		D89208BE21B6094D0067E7A4 /* LocationVC.swift */ = {isa = PBXFileReference; lastKnownFileType = sourcecode.swift; path = LocationVC.swift; sourceTree = "<group>"; };
		E1BB1768842A9B3CF039C283 /* Pods_Treads.framework */ = {isa = PBXFileReference; explicitFileType = wrapper.framework; includeInIndex = 0; path = Pods_Treads.framework; sourceTree = BUILT_PRODUCTS_DIR; };
		EF5187D8BC7398350C247A62 /* Pods-Treads.release.xcconfig */ = {isa = PBXFileReference; includeInIndex = 1; lastKnownFileType = text.xcconfig; name = "Pods-Treads.release.xcconfig"; path = "Pods/Target Support Files/Pods-Treads/Pods-Treads.release.xcconfig"; sourceTree = "<group>"; };
/* End PBXFileReference section */

/* Begin PBXFrameworksBuildPhase section */
		D81C2F2621B5EE9D0003DED6 /* Frameworks */ = {
			isa = PBXFrameworksBuildPhase;
			buildActionMask = 2147483647;
			files = (
				531D510391E81FB7A773D0F1 /* Pods_Treads.framework in Frameworks */,
			);
			runOnlyForDeploymentPostprocessing = 0;
		};
/* End PBXFrameworksBuildPhase section */

/* Begin PBXGroup section */
		0E459CF56CCF26A776C1865A /* Frameworks */ = {
			isa = PBXGroup;
			children = (
				E1BB1768842A9B3CF039C283 /* Pods_Treads.framework */,
			);
			name = Frameworks;
			sourceTree = "<group>";
		};
		955B99A3AE2CFE17C6854BA0 /* Pods */ = {
			isa = PBXGroup;
			children = (
				AC141F497ABC92BDDED27521 /* Pods-Treads.debug.xcconfig */,
				EF5187D8BC7398350C247A62 /* Pods-Treads.release.xcconfig */,
			);
			name = Pods;
			sourceTree = "<group>";
		};
		D81C2F2021B5EE9D0003DED6 = {
			isa = PBXGroup;
			children = (
				D81C2F2B21B5EE9D0003DED6 /* Treads */,
				D81C2F2A21B5EE9D0003DED6 /* Products */,
				955B99A3AE2CFE17C6854BA0 /* Pods */,
				0E459CF56CCF26A776C1865A /* Frameworks */,
			);
			sourceTree = "<group>";
		};
		D81C2F2A21B5EE9D0003DED6 /* Products */ = {
			isa = PBXGroup;
			children = (
				D81C2F2921B5EE9D0003DED6 /* Treads.app */,
			);
			name = Products;
			sourceTree = "<group>";
		};
		D81C2F2B21B5EE9D0003DED6 /* Treads */ = {
			isa = PBXGroup;
			children = (
				D81C2F4521B5F2AF0003DED6 /* Model */,
				D81C2F4421B5F2AA0003DED6 /* View */,
				D81C2F4321B5F2A30003DED6 /* Controller */,
				D81C2F4221B5F29B0003DED6 /* Utilities */,
				D81C2F4121B5F2930003DED6 /* Extensions */,
				D81C2F4021B5F2880003DED6 /* Resources */,
				D81C2F2C21B5EE9D0003DED6 /* AppDelegate.swift */,
				D81C2F3221B5EE9D0003DED6 /* Main.storyboard */,
				D81C2F5621B5F3530003DED6 /* Assets.xcassets */,
				D81C2F3721B5EE9E0003DED6 /* LaunchScreen.storyboard */,
				D81C2F3A21B5EE9E0003DED6 /* Info.plist */,
			);
			path = Treads;
			sourceTree = "<group>";
		};
		D81C2F4021B5F2880003DED6 /* Resources */ = {
			isa = PBXGroup;
			children = (
				D81C2F4A21B5F2C50003DED6 /* Montserrat-BoldItalic.ttf */,
				D81C2F4C21B5F2C50003DED6 /* Montserrat-ExtraLight.ttf */,
				D81C2F4721B5F2C40003DED6 /* Montserrat-Light.ttf */,
				D81C2F4621B5F2C40003DED6 /* Montserrat-LightItalic.ttf */,
				D81C2F4B21B5F2C50003DED6 /* Montserrat-Medium.ttf */,
				D81C2F4D21B5F2C50003DED6 /* Montserrat-Thin.ttf */,
				D81C2F4821B5F2C50003DED6 /* Montserrat-ThinItalic.ttf */,
			);
			path = Resources;
			sourceTree = "<group>";
		};
		D81C2F4121B5F2930003DED6 /* Extensions */ = {
			isa = PBXGroup;
			children = (
				D80B37F521B727BB004401B1 /* Extensions.swift */,
			);
			path = Extensions;
			sourceTree = "<group>";
		};
		D81C2F4221B5F29B0003DED6 /* Utilities */ = {
			isa = PBXGroup;
			children = (
				D80B37F921B754A5004401B1 /* Constants.swift */,
				D80B37FF21B8A75E004401B1 /* RealmConfig.swift */,
			);
			path = Utilities;
			sourceTree = "<group>";
		};
		D81C2F4321B5F2A30003DED6 /* Controller */ = {
			isa = PBXGroup;
			children = (
				D89208BE21B6094D0067E7A4 /* LocationVC.swift */,
				D81C2F2E21B5EE9D0003DED6 /* BeginRunVC.swift */,
				D81C2F3021B5EE9D0003DED6 /* RunLogVC.swift */,
				D81C2F5821B6074A0003DED6 /* CurrentRunVC.swift */,
			);
			path = Controller;
			sourceTree = "<group>";
		};
		D81C2F4421B5F2AA0003DED6 /* View */ = {
			isa = PBXGroup;
			children = (
				D80B37FB21B757D5004401B1 /* RunLogCell.swift */,
			);
			path = View;
			sourceTree = "<group>";
		};
		D81C2F4521B5F2AF0003DED6 /* Model */ = {
			isa = PBXGroup;
			children = (
				D80B37F721B74E52004401B1 /* Run.swift */,
				D80B37FD21B89C50004401B1 /* Location.swift */,
			);
			path = Model;
			sourceTree = "<group>";
		};
/* End PBXGroup section */

/* Begin PBXNativeTarget section */
		D81C2F2821B5EE9D0003DED6 /* Treads */ = {
			isa = PBXNativeTarget;
			buildConfigurationList = D81C2F3D21B5EE9E0003DED6 /* Build configuration list for PBXNativeTarget "Treads" */;
			buildPhases = (
				407B63478899F268153FD9B4 /* [CP] Check Pods Manifest.lock */,
				D81C2F2521B5EE9D0003DED6 /* Sources */,
				D81C2F2621B5EE9D0003DED6 /* Frameworks */,
				D81C2F2721B5EE9D0003DED6 /* Resources */,
				9215B0B69F9146F5972FB3A4 /* [CP] Embed Pods Frameworks */,
			);
			buildRules = (
			);
			dependencies = (
			);
			name = Treads;
			productName = Treads;
			productReference = D81C2F2921B5EE9D0003DED6 /* Treads.app */;
			productType = "com.apple.product-type.application";
		};
/* End PBXNativeTarget section */

/* Begin PBXProject section */
		D81C2F2121B5EE9D0003DED6 /* Project object */ = {
			isa = PBXProject;
			attributes = {
				LastSwiftUpdateCheck = 1010;
				LastUpgradeCheck = 1010;
				ORGANIZATIONNAME = gdm;
				TargetAttributes = {
					D81C2F2821B5EE9D0003DED6 = {
						CreatedOnToolsVersion = 10.1;
					};
				};
			};
			buildConfigurationList = D81C2F2421B5EE9D0003DED6 /* Build configuration list for PBXProject "Treads" */;
			compatibilityVersion = "Xcode 9.3";
			developmentRegion = en;
			hasScannedForEncodings = 0;
			knownRegions = (
				en,
				Base,
			);
			mainGroup = D81C2F2021B5EE9D0003DED6;
			productRefGroup = D81C2F2A21B5EE9D0003DED6 /* Products */;
			projectDirPath = "";
			projectRoot = "";
			targets = (
				D81C2F2821B5EE9D0003DED6 /* Treads */,
			);
		};
/* End PBXProject section */

/* Begin PBXResourcesBuildPhase section */
		D81C2F2721B5EE9D0003DED6 /* Resources */ = {
			isa = PBXResourcesBuildPhase;
			buildActionMask = 2147483647;
			files = (
				D81C2F5521B5F2C60003DED6 /* Montserrat-Thin.ttf in Resources */,
				D81C2F4F21B5F2C60003DED6 /* Montserrat-Light.ttf in Resources */,
				D81C2F5221B5F2C60003DED6 /* Montserrat-BoldItalic.ttf in Resources */,
				D81C2F4E21B5F2C60003DED6 /* Montserrat-LightItalic.ttf in Resources */,
				D81C2F5721B5F3530003DED6 /* Assets.xcassets in Resources */,
				D81C2F5021B5F2C60003DED6 /* Montserrat-ThinItalic.ttf in Resources */,
				D81C2F5421B5F2C60003DED6 /* Montserrat-ExtraLight.ttf in Resources */,
				D81C2F3921B5EE9E0003DED6 /* LaunchScreen.storyboard in Resources */,
				D81C2F5321B5F2C60003DED6 /* Montserrat-Medium.ttf in Resources */,
				D81C2F3421B5EE9D0003DED6 /* Main.storyboard in Resources */,
			);
			runOnlyForDeploymentPostprocessing = 0;
		};
/* End PBXResourcesBuildPhase section */

/* Begin PBXShellScriptBuildPhase section */
		407B63478899F268153FD9B4 /* [CP] Check Pods Manifest.lock */ = {
			isa = PBXShellScriptBuildPhase;
			buildActionMask = 2147483647;
			files = (
			);
			inputFileListPaths = (
			);
			inputPaths = (
				"${PODS_PODFILE_DIR_PATH}/Podfile.lock",
				"${PODS_ROOT}/Manifest.lock",
			);
			name = "[CP] Check Pods Manifest.lock";
			outputFileListPaths = (
			);
			outputPaths = (
				"$(DERIVED_FILE_DIR)/Pods-Treads-checkManifestLockResult.txt",
			);
			runOnlyForDeploymentPostprocessing = 0;
			shellPath = /bin/sh;
			shellScript = "diff \"${PODS_PODFILE_DIR_PATH}/Podfile.lock\" \"${PODS_ROOT}/Manifest.lock\" > /dev/null\nif [ $? != 0 ] ; then\n    # print error to STDERR\n    echo \"error: The sandbox is not in sync with the Podfile.lock. Run 'pod install' or update your CocoaPods installation.\" >&2\n    exit 1\nfi\n# This output is used by Xcode 'outputs' to avoid re-running this script phase.\necho \"SUCCESS\" > \"${SCRIPT_OUTPUT_FILE_0}\"\n";
			showEnvVarsInLog = 0;
		};
		9215B0B69F9146F5972FB3A4 /* [CP] Embed Pods Frameworks */ = {
			isa = PBXShellScriptBuildPhase;
			buildActionMask = 2147483647;
			files = (
			);
			inputFileListPaths = (
			);
			inputPaths = (
				"${SRCROOT}/Pods/Target Support Files/Pods-Treads/Pods-Treads-frameworks.sh",
				"${BUILT_PRODUCTS_DIR}/Realm/Realm.framework",
				"${BUILT_PRODUCTS_DIR}/RealmSwift/RealmSwift.framework",
			);
			name = "[CP] Embed Pods Frameworks";
			outputFileListPaths = (
			);
			outputPaths = (
				"${TARGET_BUILD_DIR}/${FRAMEWORKS_FOLDER_PATH}/Realm.framework",
				"${TARGET_BUILD_DIR}/${FRAMEWORKS_FOLDER_PATH}/RealmSwift.framework",
			);
			runOnlyForDeploymentPostprocessing = 0;
			shellPath = /bin/sh;
			shellScript = "\"${SRCROOT}/Pods/Target Support Files/Pods-Treads/Pods-Treads-frameworks.sh\"\n";
			showEnvVarsInLog = 0;
		};
/* End PBXShellScriptBuildPhase section */

/* Begin PBXSourcesBuildPhase section */
		D81C2F2521B5EE9D0003DED6 /* Sources */ = {
			isa = PBXSourcesBuildPhase;
			buildActionMask = 2147483647;
			files = (
				D81C2F5921B6074A0003DED6 /* CurrentRunVC.swift in Sources */,
				D80B37F621B727BB004401B1 /* Extensions.swift in Sources */,
				D80B37FE21B89C50004401B1 /* Location.swift in Sources */,
				D81C2F3121B5EE9D0003DED6 /* RunLogVC.swift in Sources */,
				D81C2F2D21B5EE9D0003DED6 /* AppDelegate.swift in Sources */,
				D81C2F2F21B5EE9D0003DED6 /* BeginRunVC.swift in Sources */,
				D80B37F821B74E52004401B1 /* Run.swift in Sources */,
				D80B37FC21B757D5004401B1 /* RunLogCell.swift in Sources */,
				D80B380021B8A75E004401B1 /* RealmConfig.swift in Sources */,
				D89208BF21B6094D0067E7A4 /* LocationVC.swift in Sources */,
				D80B37FA21B754A5004401B1 /* Constants.swift in Sources */,
			);
			runOnlyForDeploymentPostprocessing = 0;
		};
/* End PBXSourcesBuildPhase section */

/* Begin PBXVariantGroup section */
		D81C2F3221B5EE9D0003DED6 /* Main.storyboard */ = {
			isa = PBXVariantGroup;
			children = (
				D81C2F3321B5EE9D0003DED6 /* Base */,
			);
			name = Main.storyboard;
			sourceTree = "<group>";
		};
		D81C2F3721B5EE9E0003DED6 /* LaunchScreen.storyboard */ = {
			isa = PBXVariantGroup;
			children = (
				D81C2F3821B5EE9E0003DED6 /* Base */,
			);
			name = LaunchScreen.storyboard;
			sourceTree = "<group>";
		};
/* End PBXVariantGroup section */

/* Begin XCBuildConfiguration section */
		D81C2F3B21B5EE9E0003DED6 /* Debug */ = {
			isa = XCBuildConfiguration;
			buildSettings = {
				ALWAYS_SEARCH_USER_PATHS = NO;
				CLANG_ANALYZER_NONNULL = YES;
				CLANG_ANALYZER_NUMBER_OBJECT_CONVERSION = YES_AGGRESSIVE;
				CLANG_CXX_LANGUAGE_STANDARD = "gnu++14";
				CLANG_CXX_LIBRARY = "libc++";
				CLANG_ENABLE_MODULES = YES;
				CLANG_ENABLE_OBJC_ARC = YES;
				CLANG_ENABLE_OBJC_WEAK = YES;
				CLANG_WARN_BLOCK_CAPTURE_AUTORELEASING = YES;
				CLANG_WARN_BOOL_CONVERSION = YES;
				CLANG_WARN_COMMA = YES;
				CLANG_WARN_CONSTANT_CONVERSION = YES;
				CLANG_WARN_DEPRECATED_OBJC_IMPLEMENTATIONS = YES;
				CLANG_WARN_DIRECT_OBJC_ISA_USAGE = YES_ERROR;
				CLANG_WARN_DOCUMENTATION_COMMENTS = YES;
				CLANG_WARN_EMPTY_BODY = YES;
				CLANG_WARN_ENUM_CONVERSION = YES;
				CLANG_WARN_INFINITE_RECURSION = YES;
				CLANG_WARN_INT_CONVERSION = YES;
				CLANG_WARN_NON_LITERAL_NULL_CONVERSION = YES;
				CLANG_WARN_OBJC_IMPLICIT_RETAIN_SELF = YES;
				CLANG_WARN_OBJC_LITERAL_CONVERSION = YES;
				CLANG_WARN_OBJC_ROOT_CLASS = YES_ERROR;
				CLANG_WARN_RANGE_LOOP_ANALYSIS = YES;
				CLANG_WARN_STRICT_PROTOTYPES = YES;
				CLANG_WARN_SUSPICIOUS_MOVE = YES;
				CLANG_WARN_UNGUARDED_AVAILABILITY = YES_AGGRESSIVE;
				CLANG_WARN_UNREACHABLE_CODE = YES;
				CLANG_WARN__DUPLICATE_METHOD_MATCH = YES;
				CODE_SIGN_IDENTITY = "iPhone Developer";
				COPY_PHASE_STRIP = NO;
				DEBUG_INFORMATION_FORMAT = dwarf;
				ENABLE_STRICT_OBJC_MSGSEND = YES;
				ENABLE_TESTABILITY = YES;
				GCC_C_LANGUAGE_STANDARD = gnu11;
				GCC_DYNAMIC_NO_PIC = NO;
				GCC_NO_COMMON_BLOCKS = YES;
				GCC_OPTIMIZATION_LEVEL = 0;
				GCC_PREPROCESSOR_DEFINITIONS = (
					"DEBUG=1",
					"$(inherited)",
				);
				GCC_WARN_64_TO_32_BIT_CONVERSION = YES;
				GCC_WARN_ABOUT_RETURN_TYPE = YES_ERROR;
				GCC_WARN_UNDECLARED_SELECTOR = YES;
				GCC_WARN_UNINITIALIZED_AUTOS = YES_AGGRESSIVE;
				GCC_WARN_UNUSED_FUNCTION = YES;
				GCC_WARN_UNUSED_VARIABLE = YES;
				IPHONEOS_DEPLOYMENT_TARGET = 12.1;
				MTL_ENABLE_DEBUG_INFO = INCLUDE_SOURCE;
				MTL_FAST_MATH = YES;
				ONLY_ACTIVE_ARCH = YES;
				SDKROOT = iphoneos;
				SWIFT_ACTIVE_COMPILATION_CONDITIONS = DEBUG;
				SWIFT_OPTIMIZATION_LEVEL = "-Onone";
			};
			name = Debug;
		};
		D81C2F3C21B5EE9E0003DED6 /* Release */ = {
			isa = XCBuildConfiguration;
			buildSettings = {
				ALWAYS_SEARCH_USER_PATHS = NO;
				CLANG_ANALYZER_NONNULL = YES;
				CLANG_ANALYZER_NUMBER_OBJECT_CONVERSION = YES_AGGRESSIVE;
				CLANG_CXX_LANGUAGE_STANDARD = "gnu++14";
				CLANG_CXX_LIBRARY = "libc++";
				CLANG_ENABLE_MODULES = YES;
				CLANG_ENABLE_OBJC_ARC = YES;
				CLANG_ENABLE_OBJC_WEAK = YES;
				CLANG_WARN_BLOCK_CAPTURE_AUTORELEASING = YES;
				CLANG_WARN_BOOL_CONVERSION = YES;
				CLANG_WARN_COMMA = YES;
				CLANG_WARN_CONSTANT_CONVERSION = YES;
				CLANG_WARN_DEPRECATED_OBJC_IMPLEMENTATIONS = YES;
				CLANG_WARN_DIRECT_OBJC_ISA_USAGE = YES_ERROR;
				CLANG_WARN_DOCUMENTATION_COMMENTS = YES;
				CLANG_WARN_EMPTY_BODY = YES;
				CLANG_WARN_ENUM_CONVERSION = YES;
				CLANG_WARN_INFINITE_RECURSION = YES;
				CLANG_WARN_INT_CONVERSION = YES;
				CLANG_WARN_NON_LITERAL_NULL_CONVERSION = YES;
				CLANG_WARN_OBJC_IMPLICIT_RETAIN_SELF = YES;
				CLANG_WARN_OBJC_LITERAL_CONVERSION = YES;
				CLANG_WARN_OBJC_ROOT_CLASS = YES_ERROR;
				CLANG_WARN_RANGE_LOOP_ANALYSIS = YES;
				CLANG_WARN_STRICT_PROTOTYPES = YES;
				CLANG_WARN_SUSPICIOUS_MOVE = YES;
				CLANG_WARN_UNGUARDED_AVAILABILITY = YES_AGGRESSIVE;
				CLANG_WARN_UNREACHABLE_CODE = YES;
				CLANG_WARN__DUPLICATE_METHOD_MATCH = YES;
				CODE_SIGN_IDENTITY = "iPhone Developer";
				COPY_PHASE_STRIP = NO;
				DEBUG_INFORMATION_FORMAT = "dwarf-with-dsym";
				ENABLE_NS_ASSERTIONS = NO;
				ENABLE_STRICT_OBJC_MSGSEND = YES;
				GCC_C_LANGUAGE_STANDARD = gnu11;
				GCC_NO_COMMON_BLOCKS = YES;
				GCC_WARN_64_TO_32_BIT_CONVERSION = YES;
				GCC_WARN_ABOUT_RETURN_TYPE = YES_ERROR;
				GCC_WARN_UNDECLARED_SELECTOR = YES;
				GCC_WARN_UNINITIALIZED_AUTOS = YES_AGGRESSIVE;
				GCC_WARN_UNUSED_FUNCTION = YES;
				GCC_WARN_UNUSED_VARIABLE = YES;
				IPHONEOS_DEPLOYMENT_TARGET = 12.1;
				MTL_ENABLE_DEBUG_INFO = NO;
				MTL_FAST_MATH = YES;
				SDKROOT = iphoneos;
				SWIFT_COMPILATION_MODE = wholemodule;
				SWIFT_OPTIMIZATION_LEVEL = "-O";
				VALIDATE_PRODUCT = YES;
			};
			name = Release;
		};
		D81C2F3E21B5EE9E0003DED6 /* Debug */ = {
			isa = XCBuildConfiguration;
			baseConfigurationReference = AC141F497ABC92BDDED27521 /* Pods-Treads.debug.xcconfig */;
			buildSettings = {
				ASSETCATALOG_COMPILER_APPICON_NAME = AppIcon;
				CODE_SIGN_STYLE = Automatic;
				DEVELOPMENT_TEAM = 2967PHFU2S;
				INFOPLIST_FILE = Treads/Info.plist;
				LD_RUNPATH_SEARCH_PATHS = (
					"$(inherited)",
					"@executable_path/Frameworks",
				);
				PRODUCT_BUNDLE_IDENTIFIER = com.grandaddymac.Treads;
				PRODUCT_NAME = "$(TARGET_NAME)";
				SWIFT_VERSION = 4.2;
				TARGETED_DEVICE_FAMILY = "1,2";
			};
			name = Debug;
		};
		D81C2F3F21B5EE9E0003DED6 /* Release */ = {
			isa = XCBuildConfiguration;
			baseConfigurationReference = EF5187D8BC7398350C247A62 /* Pods-Treads.release.xcconfig */;
			buildSettings = {
				ASSETCATALOG_COMPILER_APPICON_NAME = AppIcon;
				CODE_SIGN_STYLE = Automatic;
				DEVELOPMENT_TEAM = 2967PHFU2S;
				INFOPLIST_FILE = Treads/Info.plist;
				LD_RUNPATH_SEARCH_PATHS = (
					"$(inherited)",
					"@executable_path/Frameworks",
				);
				PRODUCT_BUNDLE_IDENTIFIER = com.grandaddymac.Treads;
				PRODUCT_NAME = "$(TARGET_NAME)";
				SWIFT_VERSION = 4.2;
				TARGETED_DEVICE_FAMILY = "1,2";
			};
			name = Release;
		};
/* End XCBuildConfiguration section */

/* Begin XCConfigurationList section */
		D81C2F2421B5EE9D0003DED6 /* Build configuration list for PBXProject "Treads" */ = {
			isa = XCConfigurationList;
			buildConfigurations = (
				D81C2F3B21B5EE9E0003DED6 /* Debug */,
				D81C2F3C21B5EE9E0003DED6 /* Release */,
			);
			defaultConfigurationIsVisible = 0;
			defaultConfigurationName = Release;
		};
		D81C2F3D21B5EE9E0003DED6 /* Build configuration list for PBXNativeTarget "Treads" */ = {
			isa = XCConfigurationList;
			buildConfigurations = (
				D81C2F3E21B5EE9E0003DED6 /* Debug */,
				D81C2F3F21B5EE9E0003DED6 /* Release */,
			);
			defaultConfigurationIsVisible = 0;
			defaultConfigurationName = Release;
		};
/* End XCConfigurationList section */
	};
	rootObject = D81C2F2121B5EE9D0003DED6 /* Project object */;
}
